
Microsoft Visual Studio Solution File, Format Version 12.00
# Visual Studio Version 16
VisualStudioVersion = 16.0.29306.81
MinimumVisualStudioVersion = 10.0.40219.1
Project("{FAE04EC0-301F-11D3-BF4B-00C04F79EFBC}") = "BranchAndChicken.Api", "BranchAndChicken.Api\BranchAndChicken.Api.csproj", "{3676CF90-9164-43D7-A276-5EED239FCB63}"
EndProject
Global
	GlobalSection(SolutionConfigurationPlatforms) = preSolution
		Debug|Any CPU = Debug|Any CPU
		Release|Any CPU = Release|Any CPU
	EndGlobalSection
	GlobalSection(ProjectConfigurationPlatforms) = postSolution
		{3676CF90-9164-43D7-A276-5EED239FCB63}.Debug|Any CPU.ActiveCfg = Debug|Any CPU
		{3676CF90-9164-43D7-A276-5EED239FCB63}.Debug|Any CPU.Build.0 = Debug|Any CPU
		{3676CF90-9164-43D7-A276-5EED239FCB63}.Release|Any CPU.ActiveCfg = Release|Any CPU
		{3676CF90-9164-43D7-A276-5EED239FCB63}.Release|Any CPU.Build.0 = Release|Any CPU
	EndGlobalSection
	GlobalSection(SolutionProperties) = preSolution
		HideSolutionNode = FALSE
	EndGlobalSection
	GlobalSection(ExtensibilityGlobals) = postSolution
		SolutionGuid = {12371773-4322-445B-9723-81E39CC158EA}
	EndGlobalSection
EndGlobal
